
Microsoft Visual Studio Solution File, Format Version 12.00
# Visual Studio Version 16
VisualStudioVersion = 16.0.31624.102
MinimumVisualStudioVersion = 10.0.40219.1
Project("{FAE04EC0-301F-11D3-BF4B-00C04F79EFBC}") = "Presentation", "Presentation\Presentation.csproj", "{29136071-33D6-4B70-8609-A37CC40E746E}"
EndProject
Global
	GlobalSection(SolutionConfigurationPlatforms) = preSolution
		Debug|Any CPU = Debug|Any CPU
		Release|Any CPU = Release|Any CPU
	EndGlobalSection
	GlobalSection(ProjectConfigurationPlatforms) = postSolution
		{29136071-33D6-4B70-8609-A37CC40E746E}.Debug|Any CPU.ActiveCfg = Debug|Any CPU
		{29136071-33D6-4B70-8609-A37CC40E746E}.Debug|Any CPU.Build.0 = Debug|Any CPU
		{29136071-33D6-4B70-8609-A37CC40E746E}.Release|Any CPU.ActiveCfg = Release|Any CPU
		{29136071-33D6-4B70-8609-A37CC40E746E}.Release|Any CPU.Build.0 = Release|Any CPU
	EndGlobalSection
	GlobalSection(SolutionProperties) = preSolution
		HideSolutionNode = FALSE
	EndGlobalSection
	GlobalSection(ExtensibilityGlobals) = postSolution
		SolutionGuid = {29A725E8-D6D6-428D-BC9C-AFEA38E83C79}
	EndGlobalSection
EndGlobal
